
Microsoft Visual Studio Solution File, Format Version 11.00
# Visual Studio 2010
Project("{FAE04EC0-301F-11D3-BF4B-00C04F79EFBC}") = "Assembly-CSharp", "Assembly-CSharp.csproj", "{c09b6450-8e22-31c1-9e09-c1e0bbb5a0af}"
EndProject
Global
	GlobalSection(SolutionConfigurationPlatforms) = preSolution
		Debug|Any CPU = Debug|Any CPU
		Release|Any CPU = Release|Any CPU
	EndGlobalSection
	GlobalSection(ProjectConfigurationPlatforms) = postSolution
		{c09b6450-8e22-31c1-9e09-c1e0bbb5a0af}.Debug|Any CPU.ActiveCfg = Debug|Any CPU
		{c09b6450-8e22-31c1-9e09-c1e0bbb5a0af}.Debug|Any CPU.Build.0 = Debug|Any CPU
		{c09b6450-8e22-31c1-9e09-c1e0bbb5a0af}.Release|Any CPU.ActiveCfg = Release|Any CPU
		{c09b6450-8e22-31c1-9e09-c1e0bbb5a0af}.Release|Any CPU.Build.0 = Release|Any CPU
	EndGlobalSection
	GlobalSection(SolutionProperties) = preSolution
		HideSolutionNode = FALSE
	EndGlobalSection
EndGlobal
